
Microsoft Visual Studio Solution File, Format Version 12.00
# Visual Studio Version 16
VisualStudioVersion = 16.0.31005.135
MinimumVisualStudioVersion = 10.0.40219.1
Project("{FAE04EC0-301F-11D3-BF4B-00C04F79EFBC}") = "ToursManagement", "ToursManagement\ToursManagement.csproj", "{E0C2C1A3-F916-4859-BF5C-473B8E7FB30E}"
EndProject
Global
	GlobalSection(SolutionConfigurationPlatforms) = preSolution
		Debug|Any CPU = Debug|Any CPU
		Release|Any CPU = Release|Any CPU
	EndGlobalSection
	GlobalSection(ProjectConfigurationPlatforms) = postSolution
		{E0C2C1A3-F916-4859-BF5C-473B8E7FB30E}.Debug|Any CPU.ActiveCfg = Debug|Any CPU
		{E0C2C1A3-F916-4859-BF5C-473B8E7FB30E}.Debug|Any CPU.Build.0 = Debug|Any CPU
		{E0C2C1A3-F916-4859-BF5C-473B8E7FB30E}.Release|Any CPU.ActiveCfg = Release|Any CPU
		{E0C2C1A3-F916-4859-BF5C-473B8E7FB30E}.Release|Any CPU.Build.0 = Release|Any CPU
	EndGlobalSection
	GlobalSection(SolutionProperties) = preSolution
		HideSolutionNode = FALSE
	EndGlobalSection
	GlobalSection(ExtensibilityGlobals) = postSolution
		SolutionGuid = {50E17DC4-6715-452B-814A-EDEE6CF870F9}
	EndGlobalSection
EndGlobal
